Microsoft Visual Studio Solution File, Format Version 12.00
# Visual Studio Version 17
VisualStudioVersion = 17.5.2.0
MinimumVisualStudioVersion = 10.0.40219.1
Project("{FAE04EC0-301F-11D3-BF4B-00C04F79EFBC}") = "OpenGLThingy", "OpenGLThingy.csproj", "{2DAB5F2B-5B4B-6F9B-4634-CE8CE2D4E94D}"
EndProject
Global
	GlobalSection(SolutionConfigurationPlatforms) = preSolution
		Debug|Any CPU = Debug|Any CPU
		Release|Any CPU = Release|Any CPU
	EndGlobalSection
	GlobalSection(ProjectConfigurationPlatforms) = postSolution
		{2DAB5F2B-5B4B-6F9B-4634-CE8CE2D4E94D}.Debug|Any CPU.ActiveCfg = Debug|Any CPU
		{2DAB5F2B-5B4B-6F9B-4634-CE8CE2D4E94D}.Debug|Any CPU.Build.0 = Debug|Any CPU
		{2DAB5F2B-5B4B-6F9B-4634-CE8CE2D4E94D}.Release|Any CPU.ActiveCfg = Release|Any CPU
		{2DAB5F2B-5B4B-6F9B-4634-CE8CE2D4E94D}.Release|Any CPU.Build.0 = Release|Any CPU
	EndGlobalSection
	GlobalSection(SolutionProperties) = preSolution
		HideSolutionNode = FALSE
	EndGlobalSection
	GlobalSection(ExtensibilityGlobals) = postSolution
		SolutionGuid = {AD3580AD-0A34-4260-AB3D-F17B1AEDB0DA}
	EndGlobalSection
EndGlobal
